// !$*UTF8*$!
{
	archiveVersion = 1;
	classes = {
	};
	objectVersion = 46;
	objects = {

/* Begin PBXBuildFile section */
		4531DBD31BF780630002662E /* AppDelegate.swift in Sources */ = {isa = PBXBuildFile; fileRef = 4531DBD21BF780630002662E /* AppDelegate.swift */; };
		4531DBD51BF780630002662E /* ViewController.swift in Sources */ = {isa = PBXBuildFile; fileRef = 4531DBD41BF780630002662E /* ViewController.swift */; };
		4531DBD71BF780630002662E /* Assets.xcassets in Resources */ = {isa = PBXBuildFile; fileRef = 4531DBD61BF780630002662E /* Assets.xcassets */; };
		4531DBDA1BF780630002662E /* Main.storyboard in Resources */ = {isa = PBXBuildFile; fileRef = 4531DBD81BF780630002662E /* Main.storyboard */; };
/* End PBXBuildFile section */

/* Begin PBXFileReference section */
		4531DBCF1BF780630002662E /* PassManager.app */ = {isa = PBXFileReference; explicitFileType = wrapper.application; includeInIndex = 0; path = PassManager.app; sourceTree = BUILT_PRODUCTS_DIR; };
		4531DBD21BF780630002662E /* AppDelegate.swift */ = {isa = PBXFileReference; lastKnownFileType = sourcecode.swift; path = AppDelegate.swift; sourceTree = "<group>"; };
		4531DBD41BF780630002662E /* ViewController.swift */ = {isa = PBXFileReference; lastKnownFileType = sourcecode.swift; path = ViewController.swift; sourceTree = "<group>"; };
		4531DBD61BF780630002662E /* Assets.xcassets */ = {isa = PBXFileReference; lastKnownFileType = folder.assetcatalog; path = Assets.xcassets; sourceTree = "<group>"; };
		4531DBD91BF780630002662E /* Base */ = {isa = PBXFileReference; lastKnownFileType = file.storyboard; name = Base; path = Base.lproj/Main.storyboard; sourceTree = "<group>"; };
		4531DBDB1BF780630002662E /* Info.plist */ = {isa = PBXFileReference; lastKnownFileType = text.plist.xml; path = Info.plist; sourceTree = "<group>"; };
/* End PBXFileReference section */

/* Begin PBXFrameworksBuildPhase section */
		4531DBCC1BF780630002662E /* Frameworks */ = {
			isa = PBXFrameworksBuildPhase;
			buildActionMask = 2147483647;
			files = (
			);
			runOnlyForDeploymentPostprocessing = 0;
		};
/* End PBXFrameworksBuildPhase section */

/* Begin PBXGroup section */
		4531DBC61BF780630002662E = {
			isa = PBXGroup;
			children = (
				4531DBD11BF780630002662E /* PassManager */,
				4531DBD01BF780630002662E /* Products */,
			);
			sourceTree = "<group>";
		};
		4531DBD01BF780630002662E /* Products */ = {
			isa = PBXGroup;
			children = (
				4531DBCF1BF780630002662E /* PassManager.app */,
			);
			name = Products;
			sourceTree = "<group>";
		};
		4531DBD11BF780630002662E /* PassManager */ = {
			isa = PBXGroup;
			children = (
				4531DBD21BF780630002662E /* AppDelegate.swift */,
				4531DBD41BF780630002662E /* ViewController.swift */,
				4531DBD61BF780630002662E /* Assets.xcassets */,
				4531DBD81BF780630002662E /* Main.storyboard */,
				4531DBDB1BF780630002662E /* Info.plist */,
			);
			path = PassManager;
			sourceTree = "<group>";
		};
/* End PBXGroup section */

/* Begin PBXNativeTarget section */
		4531DBCE1BF780630002662E /* PassManager */ = {
			isa = PBXNativeTarget;
			buildConfigurationList = 4531DBDE1BF780630002662E /* Build configuration list for PBXNativeTarget "PassManager" */;
			buildPhases = (
				4531DBCB1BF780630002662E /* Sources */,
				4531DBCC1BF780630002662E /* Frameworks */,
				4531DBCD1BF780630002662E /* Resources */,
			);
			buildRules = (
			);
			dependencies = (
			);
			name = PassManager;
			productName = PassManager;
			productReference = 4531DBCF1BF780630002662E /* PassManager.app */;
			productType = "com.apple.product-type.application";
		};
/* End PBXNativeTarget section */

/* Begin PBXProject section */
		4531DBC71BF780630002662E /* Project object */ = {
			isa = PBXProject;
			attributes = {
				LastSwiftUpdateCheck = 0710;
				LastUpgradeCheck = 0710;
				ORGANIZATIONNAME = "Stanisław Uss";
				TargetAttributes = {
					4531DBCE1BF780630002662E = {
						CreatedOnToolsVersion = 7.1.1;
					};
				};
			};
			buildConfigurationList = 4531DBCA1BF780630002662E /* Build configuration list for PBXProject "PassManager" */;
			compatibilityVersion = "Xcode 3.2";
			developmentRegion = English;
			hasScannedForEncodings = 0;
			knownRegions = (
				en,
				Base,
			);
			mainGroup = 4531DBC61BF780630002662E;
			productRefGroup = 4531DBD01BF780630002662E /* Products */;
			projectDirPath = "";
			projectRoot = "";
			targets = (
				4531DBCE1BF780630002662E /* PassManager */,
			);
		};
/* End PBXProject section */

/* Begin PBXResourcesBuildPhase section */
		4531DBCD1BF780630002662E /* Resources */ = {
			isa = PBXResourcesBuildPhase;
			buildActionMask = 2147483647;
			files = (
				4531DBD71BF780630002662E /* Assets.xcassets in Resources */,
				4531DBDA1BF780630002662E /* Main.storyboard in Resources */,
			);
			runOnlyForDeploymentPostprocessing = 0;
		};
/* End PBXResourcesBuildPhase section */

/* Begin PBXSourcesBuildPhase section */
		4531DBCB1BF780630002662E /* Sources */ = {
			isa = PBXSourcesBuildPhase;
			buildActionMask = 2147483647;
			files = (
				4531DBD51BF780630002662E /* ViewController.swift in Sources */,
				4531DBD31BF780630002662E /* AppDelegate.swift in Sources */,
			);
			runOnlyForDeploymentPostprocessing = 0;
		};
/* End PBXSourcesBuildPhase section */

/* Begin PBXVariantGroup section */
		4531DBD81BF780630002662E /* Main.storyboard */ = {
			isa = PBXVariantGroup;
			children = (
				4531DBD91BF780630002662E /* Base */,
			);
			name = Main.storyboard;
			sourceTree = "<group>";
		};
/* End PBXVariantGroup section */

/* Begin XCBuildConfiguration section */
		4531DBDC1BF780630002662E /* Debug */ = {
			isa = XCBuildConfiguration;
			buildSettings = {
				ALWAYS_SEARCH_USER_PATHS = NO;
				CLANG_CXX_LANGUAGE_STANDARD = "gnu++0x";
				CLANG_CXX_LIBRARY = "libc++";
				CLANG_ENABLE_MODULES = YES;
				CLANG_ENABLE_OBJC_ARC = YES;
				CLANG_WARN_BOOL_CONVERSION = YES;
				CLANG_WARN_CONSTANT_CONVERSION = YES;
				CLANG_WARN_DIRECT_OBJC_ISA_USAGE = YES_ERROR;
				CLANG_WARN_EMPTY_BODY = YES;
				CLANG_WARN_ENUM_CONVERSION = YES;
				CLANG_WARN_INT_CONVERSION = YES;
				CLANG_WARN_OBJC_ROOT_CLASS = YES_ERROR;
				CLANG_WARN_UNREACHABLE_CODE = YES;
				CLANG_WARN__DUPLICATE_METHOD_MATCH = YES;
				CODE_SIGN_IDENTITY = "-";
				COPY_PHASE_STRIP = NO;
				DEBUG_INFORMATION_FORMAT = dwarf;
				ENABLE_STRICT_OBJC_MSGSEND = YES;
				ENABLE_TESTABILITY = YES;
				GCC_C_LANGUAGE_STANDARD = gnu99;
				GCC_DYNAMIC_NO_PIC = NO;
				GCC_NO_COMMON_BLOCKS = YES;
				GCC_OPTIMIZATION_LEVEL = 0;
				GCC_PREPROCESSOR_DEFINITIONS = (
					"DEBUG=1",
					"$(inherited)",
				);
				GCC_WARN_64_TO_32_BIT_CONVERSION = YES;
				GCC_WARN_ABOUT_RETURN_TYPE = YES_ERROR;
				GCC_WARN_UNDECLARED_SELECTOR = YES;
				GCC_WARN_UNINITIALIZED_AUTOS = YES_AGGRESSIVE;
				GCC_WARN_UNUSED_FUNCTION = YES;
				GCC_WARN_UNUSED_VARIABLE = YES;
				MACOSX_DEPLOYMENT_TARGET = 10.11;
				MTL_ENABLE_DEBUG_INFO = YES;
				ONLY_ACTIVE_ARCH = YES;
				SDKROOT = macosx;
				SWIFT_OPTIMIZATION_LEVEL = "-Onone";
			};
			name = Debug;
		};
		4531DBDD1BF780630002662E /* Release */ = {
			isa = XCBuildConfiguration;
			buildSettings = {
				ALWAYS_SEARCH_USER_PATHS = NO;
				CLANG_CXX_LANGUAGE_STANDARD = "gnu++0x";
				CLANG_CXX_LIBRARY = "libc++";
				CLANG_ENABLE_MODULES = YES;
				CLANG_ENABLE_OBJC_ARC = YES;
				CLANG_WARN_BOOL_CONVERSION = YES;
				CLANG_WARN_CONSTANT_CONVERSION = YES;
				CLANG_WARN_DIRECT_OBJC_ISA_USAGE = YES_ERROR;
				CLANG_WARN_EMPTY_BODY = YES;
				CLANG_WARN_ENUM_CONVERSION = YES;
				CLANG_WARN_INT_CONVERSION = YES;
				CLANG_WARN_OBJC_ROOT_CLASS = YES_ERROR;
				CLANG_WARN_UNREACHABLE_CODE = YES;
				CLANG_WARN__DUPLICATE_METHOD_MATCH = YES;
				CODE_SIGN_IDENTITY = "-";
				COPY_PHASE_STRIP = NO;
				DEBUG_INFORMATION_FORMAT = "dwarf-with-dsym";
				ENABLE_NS_ASSERTIONS = NO;
				ENABLE_STRICT_OBJC_MSGSEND = YES;
				GCC_C_LANGUAGE_STANDARD = gnu99;
				GCC_NO_COMMON_BLOCKS = YES;
				GCC_WARN_64_TO_32_BIT_CONVERSION = YES;
				GCC_WARN_ABOUT_RETURN_TYPE = YES_ERROR;
				GCC_WARN_UNDECLARED_SELECTOR = YES;
				GCC_WARN_UNINITIALIZED_AUTOS = YES_AGGRESSIVE;
				GCC_WARN_UNUSED_FUNCTION = YES;
				GCC_WARN_UNUSED_VARIABLE = YES;
				MACOSX_DEPLOYMENT_TARGET = 10.11;
				MTL_ENABLE_DEBUG_INFO = NO;
				SDKROOT = macosx;
			};
			name = Release;
		};
		4531DBDF1BF780630002662E /* Debug */ = {
			isa = XCBuildConfiguration;
			buildSettings = {
				ASSETCATALOG_COMPILER_APPICON_NAME = AppIcon;
				COMBINE_HIDPI_IMAGES = YES;
				INFOPLIST_FILE = PassManager/Info.plist;
				LD_RUNPATH_SEARCH_PATHS = "$(inherited) @executable_path/../Frameworks";
				PRODUCT_BUNDLE_IDENTIFIER = sl4sher.PassManager;
				PRODUCT_NAME = "$(TARGET_NAME)";
			};
			name = Debug;
		};
		4531DBE01BF780630002662E /* Release */ = {
			isa = XCBuildConfiguration;
			buildSettings = {
				ASSETCATALOG_COMPILER_APPICON_NAME = AppIcon;
				COMBINE_HIDPI_IMAGES = YES;
				INFOPLIST_FILE = PassManager/Info.plist;
				LD_RUNPATH_SEARCH_PATHS = "$(inherited) @executable_path/../Frameworks";
				PRODUCT_BUNDLE_IDENTIFIER = sl4sher.PassManager;
				PRODUCT_NAME = "$(TARGET_NAME)";
			};
			name = Release;
		};
/* End XCBuildConfiguration section */

/* Begin XCConfigurationList section */
		4531DBCA1BF780630002662E /* Build configuration list for PBXProject "PassManager" */ = {
			isa = XCConfigurationList;
			buildConfigurations = (
				4531DBDC1BF780630002662E /* Debug */,
				4531DBDD1BF780630002662E /* Release */,
			);
			defaultConfigurationIsVisible = 0;
			defaultConfigurationName = Release;
		};
		4531DBDE1BF780630002662E /* Build configuration list for PBXNativeTarget "PassManager" */ = {
			isa = XCConfigurationList;
			buildConfigurations = (
				4531DBDF1BF780630002662E /* Debug */,
				4531DBE01BF780630002662E /* Release */,
			);
			defaultConfigurationIsVisible = 0;
		};
/* End XCConfigurationList section */
	};
	rootObject = 4531DBC71BF780630002662E /* Project object */;
}
